
Microsoft Visual Studio Solution File, Format Version 12.00
# Visual Studio Version 17
VisualStudioVersion = 17.10.34928.147
MinimumVisualStudioVersion = 10.0.40219.1
Project("{FAE04EC0-301F-11D3-BF4B-00C04F79EFBC}") = "ReadingApp", "ReadingApp.csproj", "{087E24D8-4150-4B25-9644-63684CB1FBFD}"
EndProject
Global
	GlobalSection(SolutionConfigurationPlatforms) = preSolution
		Debug|Any CPU = Debug|Any CPU
		Release|Any CPU = Release|Any CPU
	EndGlobalSection
	GlobalSection(ProjectConfigurationPlatforms) = postSolution
		{087E24D8-4150-4B25-9644-63684CB1FBFD}.Debug|Any CPU.ActiveCfg = Debug|Any CPU
		{087E24D8-4150-4B25-9644-63684CB1FBFD}.Debug|Any CPU.Build.0 = Debug|Any CPU
		{087E24D8-4150-4B25-9644-63684CB1FBFD}.Release|Any CPU.ActiveCfg = Release|Any CPU
		{087E24D8-4150-4B25-9644-63684CB1FBFD}.Release|Any CPU.Build.0 = Release|Any CPU
	EndGlobalSection
	GlobalSection(SolutionProperties) = preSolution
		HideSolutionNode = FALSE
	EndGlobalSection
	GlobalSection(ExtensibilityGlobals) = postSolution
		SolutionGuid = {38DF0834-0345-4DC7-96AF-4A8D04A19987}
	EndGlobalSection
EndGlobal
